
Microsoft Visual Studio Solution File, Format Version 12.00
# Visual Studio Version 17
VisualStudioVersion = 17.7.34009.444
MinimumVisualStudioVersion = 10.0.40219.1
Project("{FAE04EC0-301F-11D3-BF4B-00C04F79EFBC}") = "CajeroAutomatico", "CajeroAutomatico.csproj", "{D0E9D513-9E4D-423C-8325-C01E01DA6B7A}"
EndProject
Global
	GlobalSection(SolutionConfigurationPlatforms) = preSolution
		Debug|Any CPU = Debug|Any CPU
		Release|Any CPU = Release|Any CPU
	EndGlobalSection
	GlobalSection(ProjectConfigurationPlatforms) = postSolution
		{D0E9D513-9E4D-423C-8325-C01E01DA6B7A}.Debug|Any CPU.ActiveCfg = Debug|Any CPU
		{D0E9D513-9E4D-423C-8325-C01E01DA6B7A}.Debug|Any CPU.Build.0 = Debug|Any CPU
		{D0E9D513-9E4D-423C-8325-C01E01DA6B7A}.Release|Any CPU.ActiveCfg = Release|Any CPU
		{D0E9D513-9E4D-423C-8325-C01E01DA6B7A}.Release|Any CPU.Build.0 = Release|Any CPU
	EndGlobalSection
	GlobalSection(SolutionProperties) = preSolution
		HideSolutionNode = FALSE
	EndGlobalSection
	GlobalSection(ExtensibilityGlobals) = postSolution
		SolutionGuid = {F38A63D6-0F12-465C-9824-D62833D430DD}
	EndGlobalSection
EndGlobal
